
Microsoft Visual Studio Solution File, Format Version 12.00
# Visual Studio Version 16
VisualStudioVersion = 16.0.29728.190
MinimumVisualStudioVersion = 10.0.40219.1
Project("{F184B08F-C81C-45F6-A57F-5ABD9991F28F}") = "MvcAuthenticationDemo", "MvcAuthenticationDemo\MvcAuthenticationDemo.vbproj", "{814E99E8-FFF7-40D9-824D-DD1CAFF662DB}"
EndProject
Global
	GlobalSection(SolutionConfigurationPlatforms) = preSolution
		Debug|Any CPU = Debug|Any CPU
		Release|Any CPU = Release|Any CPU
	EndGlobalSection
	GlobalSection(ProjectConfigurationPlatforms) = postSolution
		{814E99E8-FFF7-40D9-824D-DD1CAFF662DB}.Debug|Any CPU.ActiveCfg = Debug|Any CPU
		{814E99E8-FFF7-40D9-824D-DD1CAFF662DB}.Debug|Any CPU.Build.0 = Debug|Any CPU
		{814E99E8-FFF7-40D9-824D-DD1CAFF662DB}.Release|Any CPU.ActiveCfg = Release|Any CPU
		{814E99E8-FFF7-40D9-824D-DD1CAFF662DB}.Release|Any CPU.Build.0 = Release|Any CPU
	EndGlobalSection
	GlobalSection(SolutionProperties) = preSolution
		HideSolutionNode = FALSE
	EndGlobalSection
	GlobalSection(ExtensibilityGlobals) = postSolution
		SolutionGuid = {D3888DA4-8DCF-4AA3-B16D-1D13AC7DE676}
	EndGlobalSection
EndGlobal
